{
  "name": "share",
  "version": "1.1.0",
  "dependencies": {
    "sockjs": {
      "version": "0.3.8",
      "dependencies": {
        "node-uuid": {
          "version": "1.3.3"
        },
        "faye-websocket": {
          "version": "0.7.0",
          "dependencies": {
            "websocket-driver": {
              "version": "0.3.1"
            }
          }
        }
      }
    },
    "socket.io": {
      "version": "0.8.7",
      "dependencies": {
        "policyfile": {
          "version": "0.0.4"
        },
        "redis": {
          "version": "0.6.7"
        }
      }
    },
    "socket.io-client": {
      "version": "0.8.7",
      "dependencies": {
        "uglify-js": {
          "version": "1.0.6"
        },
        "websocket-client": {
          "version": "1.0.0"
        },
        "xmlhttprequest": {
          "version": "1.2.2"
        }
      }
    },
    "browserchannel": {
      "version": "1.0.8",
      "dependencies": {
        "connect": {
          "version": "2.11.2",
          "dependencies": {
            "qs": {
              "version": "0.6.5"
            },
            "cookie-signature": {
              "version": "1.0.1"
            },
            "buffer-crc32": {
              "version": "0.2.1"
            },
            "cookie": {
              "version": "0.1.0"
            },
            "send": {
              "version": "0.1.4",
              "dependencies": {
                "mime": {
                  "version": "1.2.11"
                },
                "range-parser": {
                  "version": "0.0.4"
                }
              }
            },
            "bytes": {
              "version": "0.2.1"
            },
            "fresh": {
              "version": "0.2.0"
            },
            "pause": {
              "version": "0.0.1"
            },
            "uid2": {
              "version": "0.0.3"
            },
            "debug": {
              "version": "0.7.4"
            },
            "methods": {
              "version": "0.1.0"
            },
            "raw-body": {
              "version": "1.1.2"
            },
            "negotiator": {
              "version": "0.3.0"
            },
            "multiparty": {
              "version": "2.2.0",
              "dependencies": {
                "readable-stream": {
                  "version": "1.1.9",
                  "dependencies": {
                    "core-util-is": {
                      "version": "1.0.0"
                    },
                    "debuglog": {
                      "version": "0.0.2"
                    }
                  }
                },
                "stream-counter": {
                  "version": "0.2.0"
                }
              }
            }
          }
        }
      }
    },
    "ws": {
      "version": "0.4.31",
      "dependencies": {
        "commander": {
          "version": "0.6.1"
        },
        "nan": {
          "version": "0.3.2"
        },
        "tinycolor": {
          "version": "0.0.1"
        },
        "options": {
          "version": "0.0.5"
        }
      }
    },
    "connect": {
      "version": "2.11.2",
      "dependencies": {
        "qs": {
          "version": "0.6.5"
        },
        "cookie-signature": {
          "version": "1.0.1"
        },
        "buffer-crc32": {
          "version": "0.2.1"
        },
        "cookie": {
          "version": "0.1.0"
        },
        "send": {
          "version": "0.1.4",
          "dependencies": {
            "mime": {
              "version": "1.2.11"
            },
            "range-parser": {
              "version": "0.0.4"
            }
          }
        },
        "bytes": {
          "version": "0.2.1"
        },
        "fresh": {
          "version": "0.2.0"
        },
        "pause": {
          "version": "0.0.1"
        },
        "uid2": {
          "version": "0.0.3"
        },
        "debug": {
          "version": "0.7.4"
        },
        "methods": {
          "version": "0.1.0"
        },
        "raw-body": {
          "version": "1.1.2"
        },
        "negotiator": {
          "version": "0.3.0"
        },
        "multiparty": {
          "version": "2.2.0",
          "dependencies": {
            "readable-stream": {
              "version": "1.1.9",
              "dependencies": {
                "core-util-is": {
                  "version": "1.0.0"
                },
                "debuglog": {
                  "version": "0.0.2"
                }
              }
            },
            "stream-counter": {
              "version": "0.2.0"
            }
          }
        }
      }
    },
    "request": {
      "version": "2.27.0",
      "dependencies": {
        "qs": {
          "version": "0.6.5"
        },
        "json-stringify-safe": {
          "version": "5.0.0"
        },
        "forever-agent": {
          "version": "0.5.0"
        },
        "tunnel-agent": {
          "version": "0.3.0"
        },
        "http-signature": {
          "version": "0.10.0",
          "dependencies": {
            "assert-plus": {
              "version": "0.1.2"
            },
            "asn1": {
              "version": "0.1.11"
            },
            "ctype": {
              "version": "0.5.2"
            }
          }
        },
        "hawk": {
          "version": "1.0.0",
          "dependencies": {
            "hoek": {
              "version": "0.9.1"
            },
            "boom": {
              "version": "0.4.2"
            },
            "cryptiles": {
              "version": "0.2.2"
            },
            "sntp": {
              "version": "0.2.4"
            }
          }
        },
        "aws-sign": {
          "version": "0.3.0"
        },
        "oauth-sign": {
          "version": "0.3.0"
        },
        "cookie-jar": {
          "version": "0.3.0"
        },
        "node-uuid": {
          "version": "1.4.1"
        },
        "mime": {
          "version": "1.2.11"
        },
        "form-data": {
          "version": "0.1.2",
          "dependencies": {
            "combined-stream": {
              "version": "0.0.4",
              "dependencies": {
                "delayed-stream": {
                  "version": "0.0.5"
                }
              }
            },
            "async": {
              "version": "0.2.9"
            }
          }
        }
      }
    },
    "coffee-script": {
      "version": "1.6.3"
    },
    "hat": {
      "version": "0.0.3"
    },
    "mysql": {
      "version": "2.0.0-rc1",
      "dependencies": {
        "require-all": {
          "version": "0.0.3"
        },
        "bignumber.js": {
          "version": "1.0.1"
        }
      }
    },
    "uglify-js": {
      "version": "1.3.5"
    },
    "shelljs": {
      "version": "0.2.6"
    },
    "websocket": {
      "version": "1.0.8"
    },
    "optimist": {
      "version": "0.6.0",
      "dependencies": {
        "wordwrap": {
          "version": "0.0.2"
        },
        "minimist": {
          "version": "0.0.5"
        }
      }
    },
    "express": {
      "version": "3.4.4",
      "dependencies": {
        "connect": {
          "version": "2.11.0",
          "dependencies": {
            "qs": {
              "version": "0.6.5"
            },
            "bytes": {
              "version": "0.2.1"
            },
            "pause": {
              "version": "0.0.1"
            },
            "uid2": {
              "version": "0.0.3"
            },
            "methods": {
              "version": "0.0.1"
            },
            "raw-body": {
              "version": "0.0.3"
            },
            "negotiator": {
              "version": "0.3.0"
            },
            "multiparty": {
              "version": "2.2.0",
              "dependencies": {
                "readable-stream": {
                  "version": "1.1.9",
                  "dependencies": {
                    "core-util-is": {
                      "version": "1.0.0"
                    },
                    "debuglog": {
                      "version": "0.0.2"
                    }
                  }
                },
                "stream-counter": {
                  "version": "0.2.0"
                }
              }
            }
          }
        },
        "commander": {
          "version": "1.3.2",
          "dependencies": {
            "keypress": {
              "version": "0.1.0"
            }
          }
        },
        "range-parser": {
          "version": "0.0.4"
        },
        "mkdirp": {
          "version": "0.3.5"
        },
        "cookie": {
          "version": "0.1.0"
        },
        "buffer-crc32": {
          "version": "0.2.1"
        },
        "fresh": {
          "version": "0.2.0"
        },
        "methods": {
          "version": "0.1.0"
        },
        "send": {
          "version": "0.1.4",
          "dependencies": {
            "mime": {
              "version": "1.2.11"
            }
          }
        },
        "cookie-signature": {
          "version": "1.0.1"
        },
        "debug": {
          "version": "0.7.3"
        }
      }
    },
    "nodeunit": {
      "version": "0.8.2",
      "dependencies": {
        "tap": {
          "version": "0.4.4",
          "dependencies": {
            "inherits": {
              "version": "2.0.0"
            },
            "yamlish": {
              "version": "0.0.5"
            },
            "slide": {
              "version": "1.1.5"
            },
            "runforcover": {
              "version": "0.0.2",
              "dependencies": {
                "bunker": {
                  "version": "0.1.2",
                  "dependencies": {
                    "burrito": {
                      "version": "0.2.12",
                      "dependencies": {
                        "traverse": {
                          "version": "0.5.2"
                        },
                        "uglify-js": {
                          "version": "1.1.1"
                        }
                      }
                    }
                  }
                }
              }
            },
            "nopt": {
              "version": "2.1.2",
              "dependencies": {
                "abbrev": {
                  "version": "1.0.4"
                }
              }
            },
            "mkdirp": {
              "version": "0.3.5"
            },
            "difflet": {
              "version": "0.2.6",
              "dependencies": {
                "traverse": {
                  "version": "0.6.6"
                },
                "charm": {
                  "version": "0.1.2"
                },
                "deep-is": {
                  "version": "0.1.2"
                }
              }
            },
            "deep-equal": {
              "version": "0.0.0"
            },
            "buffer-equal": {
              "version": "0.0.0"
            },
            "glob": {
              "version": "3.2.7",
              "dependencies": {
                "minimatch": {
                  "version": "0.2.12",
                  "dependencies": {
                    "lru-cache": {
                      "version": "2.3.1"
                    },
                    "sigmund": {
                      "version": "1.0.0"
                    }
                  }
                },
                "inherits": {
                  "version": "2.0.1"
                }
              }
            }
          }
        }
      }
    }
  }
}
